
Microsoft Visual Studio Solution File, Format Version 12.00
# Visual Studio Version 17
VisualStudioVersion = 17.5.001.0
MinimumVisualStudioVersion = 10.0.40219.1
Project("{9A19103F-16F7-4668-BE54-9A1E7A4F7556}") = "GerenciadorSenhas", "GerenciadorSenhas.csproj", "{81870113-979B-47A5-87AD-911AB24CB213}"
EndProject
Global
	GlobalSection(SolutionConfigurationPlatforms) = preSolution
		Debug|Any CPU = Debug|Any CPU
		Release|Any CPU = Release|Any CPU
	EndGlobalSection
	GlobalSection(ProjectConfigurationPlatforms) = postSolution
		{81870113-979B-47A5-87AD-911AB24CB213}.Debug|Any CPU.ActiveCfg = Debug|Any CPU
		{81870113-979B-47A5-87AD-911AB24CB213}.Debug|Any CPU.Build.0 = Debug|Any CPU
		{81870113-979B-47A5-87AD-911AB24CB213}.Release|Any CPU.ActiveCfg = Release|Any CPU
		{81870113-979B-47A5-87AD-911AB24CB213}.Release|Any CPU.Build.0 = Release|Any CPU
	EndGlobalSection
	GlobalSection(SolutionProperties) = preSolution
		HideSolutionNode = FALSE
	EndGlobalSection
	GlobalSection(ExtensibilityGlobals) = postSolution
		SolutionGuid = {FC921EDC-4808-4C5C-9A84-BAB4A3F0DD4B}
	EndGlobalSection
EndGlobal
